
Microsoft Visual Studio Solution File, Format Version 11.00
# Visual Studio 2010
Project("{FAE04EC0-301F-11D3-BF4B-00C04F79EFBC}") = "ConsoleApp", "ConsoleApp\ConsoleApp.csproj", "{02E2809C-D5B8-49EA-98D3-8F7F1F606D88}"
EndProject
Project("{FAE04EC0-301F-11D3-BF4B-00C04F79EFBC}") = "WebApp", "WebApp\WebApp.csproj", "{AE3371A4-ACF6-46E6-B18D-79FC5149D229}"
EndProject
Project("{2150E333-8FDC-42A3-9474-1A3956D46DE8}") = "libs", "libs", "{5BEB8417-229D-4A1F-96DC-D49FF770232D}"
	ProjectSection(SolutionItems) = preProject
		libs\log4net.dll = libs\log4net.dll
	EndProjectSection
EndProject
Project("{FAE04EC0-301F-11D3-BF4B-00C04F79EFBC}") = "LogUtility", "LogUtility\LogUtility.csproj", "{97C1BCEF-A46C-42B4-A00B-7E747C57298E}"
EndProject
Project("{FAE04EC0-301F-11D3-BF4B-00C04F79EFBC}") = "WinFormApp", "WinFormApp\WinFormApp.csproj", "{6DC60676-501C-4D8C-BD7D-34B5DC63A72E}"
EndProject
Global
	GlobalSection(SolutionConfigurationPlatforms) = preSolution
		Debug|Any CPU = Debug|Any CPU
		Debug|Mixed Platforms = Debug|Mixed Platforms
		Debug|x86 = Debug|x86
		Release|Any CPU = Release|Any CPU
		Release|Mixed Platforms = Release|Mixed Platforms
		Release|x86 = Release|x86
	EndGlobalSection
	GlobalSection(ProjectConfigurationPlatforms) = postSolution
		{02E2809C-D5B8-49EA-98D3-8F7F1F606D88}.Debug|Any CPU.ActiveCfg = Debug|x86
		{02E2809C-D5B8-49EA-98D3-8F7F1F606D88}.Debug|Mixed Platforms.ActiveCfg = Debug|x86
		{02E2809C-D5B8-49EA-98D3-8F7F1F606D88}.Debug|Mixed Platforms.Build.0 = Debug|x86
		{02E2809C-D5B8-49EA-98D3-8F7F1F606D88}.Debug|x86.ActiveCfg = Debug|x86
		{02E2809C-D5B8-49EA-98D3-8F7F1F606D88}.Debug|x86.Build.0 = Debug|x86
		{02E2809C-D5B8-49EA-98D3-8F7F1F606D88}.Release|Any CPU.ActiveCfg = Release|x86
		{02E2809C-D5B8-49EA-98D3-8F7F1F606D88}.Release|Mixed Platforms.ActiveCfg = Release|x86
		{02E2809C-D5B8-49EA-98D3-8F7F1F606D88}.Release|Mixed Platforms.Build.0 = Release|x86
		{02E2809C-D5B8-49EA-98D3-8F7F1F606D88}.Release|x86.ActiveCfg = Release|x86
		{02E2809C-D5B8-49EA-98D3-8F7F1F606D88}.Release|x86.Build.0 = Release|x86
		{AE3371A4-ACF6-46E6-B18D-79FC5149D229}.Debug|Any CPU.ActiveCfg = Debug|Any CPU
		{AE3371A4-ACF6-46E6-B18D-79FC5149D229}.Debug|Any CPU.Build.0 = Debug|Any CPU
		{AE3371A4-ACF6-46E6-B18D-79FC5149D229}.Debug|Mixed Platforms.ActiveCfg = Debug|Any CPU
		{AE3371A4-ACF6-46E6-B18D-79FC5149D229}.Debug|Mixed Platforms.Build.0 = Debug|Any CPU
		{AE3371A4-ACF6-46E6-B18D-79FC5149D229}.Debug|x86.ActiveCfg = Debug|Any CPU
		{AE3371A4-ACF6-46E6-B18D-79FC5149D229}.Release|Any CPU.ActiveCfg = Release|Any CPU
		{AE3371A4-ACF6-46E6-B18D-79FC5149D229}.Release|Any CPU.Build.0 = Release|Any CPU
		{AE3371A4-ACF6-46E6-B18D-79FC5149D229}.Release|Mixed Platforms.ActiveCfg = Release|Any CPU
		{AE3371A4-ACF6-46E6-B18D-79FC5149D229}.Release|Mixed Platforms.Build.0 = Release|Any CPU
		{AE3371A4-ACF6-46E6-B18D-79FC5149D229}.Release|x86.ActiveCfg = Release|Any CPU
		{97C1BCEF-A46C-42B4-A00B-7E747C57298E}.Debug|Any CPU.ActiveCfg = Debug|Any CPU
		{97C1BCEF-A46C-42B4-A00B-7E747C57298E}.Debug|Any CPU.Build.0 = Debug|Any CPU
		{97C1BCEF-A46C-42B4-A00B-7E747C57298E}.Debug|Mixed Platforms.ActiveCfg = Debug|Any CPU
		{97C1BCEF-A46C-42B4-A00B-7E747C57298E}.Debug|Mixed Platforms.Build.0 = Debug|Any CPU
		{97C1BCEF-A46C-42B4-A00B-7E747C57298E}.Debug|x86.ActiveCfg = Debug|Any CPU
		{97C1BCEF-A46C-42B4-A00B-7E747C57298E}.Release|Any CPU.ActiveCfg = Release|Any CPU
		{97C1BCEF-A46C-42B4-A00B-7E747C57298E}.Release|Any CPU.Build.0 = Release|Any CPU
		{97C1BCEF-A46C-42B4-A00B-7E747C57298E}.Release|Mixed Platforms.ActiveCfg = Release|Any CPU
		{97C1BCEF-A46C-42B4-A00B-7E747C57298E}.Release|Mixed Platforms.Build.0 = Release|Any CPU
		{97C1BCEF-A46C-42B4-A00B-7E747C57298E}.Release|x86.ActiveCfg = Release|Any CPU
		{6DC60676-501C-4D8C-BD7D-34B5DC63A72E}.Debug|Any CPU.ActiveCfg = Debug|x86
		{6DC60676-501C-4D8C-BD7D-34B5DC63A72E}.Debug|Mixed Platforms.ActiveCfg = Debug|x86
		{6DC60676-501C-4D8C-BD7D-34B5DC63A72E}.Debug|Mixed Platforms.Build.0 = Debug|x86
		{6DC60676-501C-4D8C-BD7D-34B5DC63A72E}.Debug|x86.ActiveCfg = Debug|x86
		{6DC60676-501C-4D8C-BD7D-34B5DC63A72E}.Debug|x86.Build.0 = Debug|x86
		{6DC60676-501C-4D8C-BD7D-34B5DC63A72E}.Release|Any CPU.ActiveCfg = Release|x86
		{6DC60676-501C-4D8C-BD7D-34B5DC63A72E}.Release|Mixed Platforms.ActiveCfg = Release|x86
		{6DC60676-501C-4D8C-BD7D-34B5DC63A72E}.Release|Mixed Platforms.Build.0 = Release|x86
		{6DC60676-501C-4D8C-BD7D-34B5DC63A72E}.Release|x86.ActiveCfg = Release|x86
		{6DC60676-501C-4D8C-BD7D-34B5DC63A72E}.Release|x86.Build.0 = Release|x86
	EndGlobalSection
	GlobalSection(SolutionProperties) = preSolution
		HideSolutionNode = FALSE
	EndGlobalSection
EndGlobal
